// !$*UTF8*$!
{
	archiveVersion = 1;
	classes = {
	};
	objectVersion = 56;
	objects = {

/* Begin PBXBuildFile section */
		AA34721A2BD1A1350039E380 /* LaunchView.swift in Sources */ = {isa = PBXBuildFile; fileRef = AA3472192BD1A1350039E380 /* LaunchView.swift */; };
		AA34721F2BD1A2A20039E380 /* LaunchViewModel.swift in Sources */ = {isa = PBXBuildFile; fileRef = AA34721E2BD1A2A20039E380 /* LaunchViewModel.swift */; };
		AA4EDF462BC9D4950008766D /* ItranslatorApp.swift in Sources */ = {isa = PBXBuildFile; fileRef = AA4EDF452BC9D4950008766D /* ItranslatorApp.swift */; };
		AA4EDF4A2BC9D4960008766D /* Assets.xcassets in Resources */ = {isa = PBXBuildFile; fileRef = AA4EDF492BC9D4960008766D /* Assets.xcassets */; };
		AA4EDF4D2BC9D4960008766D /* Preview Assets.xcassets in Resources */ = {isa = PBXBuildFile; fileRef = AA4EDF4C2BC9D4960008766D /* Preview Assets.xcassets */; };
		AA4EDF5C2BC9D5880008766D /* ItranslatorRepository.swift in Sources */ = {isa = PBXBuildFile; fileRef = AA4EDF5B2BC9D5880008766D /* ItranslatorRepository.swift */; };
		AA4EDF5E2BC9D5A90008766D /* ItranslatorModel.swift in Sources */ = {isa = PBXBuildFile; fileRef = AA4EDF5D2BC9D5A90008766D /* ItranslatorModel.swift */; };
		AA4EDF602BC9D5C30008766D /* ItranslatorMapper.swift in Sources */ = {isa = PBXBuildFile; fileRef = AA4EDF5F2BC9D5C30008766D /* ItranslatorMapper.swift */; };
		AA4EDF622BC9D5E90008766D /* ItranslatorManager.swift in Sources */ = {isa = PBXBuildFile; fileRef = AA4EDF612BC9D5E90008766D /* ItranslatorManager.swift */; };
		AA4EDF652BC9DA130008766D /* ItranslatorView.swift in Sources */ = {isa = PBXBuildFile; fileRef = AA4EDF642BC9DA130008766D /* ItranslatorView.swift */; };
		AA4EDF692BC9DCF90008766D /* ItranslatorViewModel.swift in Sources */ = {isa = PBXBuildFile; fileRef = AA4EDF682BC9DCF90008766D /* ItranslatorViewModel.swift */; };
		AA4EDF6B2BC9E8EE0008766D /* ItranslatorInteractor.swift in Sources */ = {isa = PBXBuildFile; fileRef = AA4EDF6A2BC9E8EE0008766D /* ItranslatorInteractor.swift */; };
		AA4EDF6D2BC9EB160008766D /* InjectionKey.swift in Sources */ = {isa = PBXBuildFile; fileRef = AA4EDF6C2BC9EB150008766D /* InjectionKey.swift */; };
		AA4EDF6F2BC9EE630008766D /* ItranslatorManagerProtocol.swift in Sources */ = {isa = PBXBuildFile; fileRef = AA4EDF6E2BC9EE630008766D /* ItranslatorManagerProtocol.swift */; };
/* End PBXBuildFile section */

/* Begin PBXFileReference section */
		AA3472192BD1A1350039E380 /* LaunchView.swift */ = {isa = PBXFileReference; lastKnownFileType = sourcecode.swift; path = LaunchView.swift; sourceTree = "<group>"; };
		AA34721E2BD1A2A20039E380 /* LaunchViewModel.swift */ = {isa = PBXFileReference; lastKnownFileType = sourcecode.swift; path = LaunchViewModel.swift; sourceTree = "<group>"; };
		AA4EDF422BC9D4950008766D /* Itranslator.app */ = {isa = PBXFileReference; explicitFileType = wrapper.application; includeInIndex = 0; path = Itranslator.app; sourceTree = BUILT_PRODUCTS_DIR; };
		AA4EDF452BC9D4950008766D /* ItranslatorApp.swift */ = {isa = PBXFileReference; lastKnownFileType = sourcecode.swift; path = ItranslatorApp.swift; sourceTree = "<group>"; };
		AA4EDF492BC9D4960008766D /* Assets.xcassets */ = {isa = PBXFileReference; lastKnownFileType = folder.assetcatalog; path = Assets.xcassets; sourceTree = "<group>"; };
		AA4EDF4C2BC9D4960008766D /* Preview Assets.xcassets */ = {isa = PBXFileReference; lastKnownFileType = folder.assetcatalog; path = "Preview Assets.xcassets"; sourceTree = "<group>"; };
		AA4EDF5B2BC9D5880008766D /* ItranslatorRepository.swift */ = {isa = PBXFileReference; lastKnownFileType = sourcecode.swift; path = ItranslatorRepository.swift; sourceTree = "<group>"; };
		AA4EDF5D2BC9D5A90008766D /* ItranslatorModel.swift */ = {isa = PBXFileReference; lastKnownFileType = sourcecode.swift; path = ItranslatorModel.swift; sourceTree = "<group>"; };
		AA4EDF5F2BC9D5C30008766D /* ItranslatorMapper.swift */ = {isa = PBXFileReference; lastKnownFileType = sourcecode.swift; path = ItranslatorMapper.swift; sourceTree = "<group>"; };
		AA4EDF612BC9D5E90008766D /* ItranslatorManager.swift */ = {isa = PBXFileReference; lastKnownFileType = sourcecode.swift; path = ItranslatorManager.swift; sourceTree = "<group>"; };
		AA4EDF642BC9DA130008766D /* ItranslatorView.swift */ = {isa = PBXFileReference; lastKnownFileType = sourcecode.swift; path = ItranslatorView.swift; sourceTree = "<group>"; };
		AA4EDF682BC9DCF90008766D /* ItranslatorViewModel.swift */ = {isa = PBXFileReference; lastKnownFileType = sourcecode.swift; path = ItranslatorViewModel.swift; sourceTree = "<group>"; };
		AA4EDF6A2BC9E8EE0008766D /* ItranslatorInteractor.swift */ = {isa = PBXFileReference; lastKnownFileType = sourcecode.swift; path = ItranslatorInteractor.swift; sourceTree = "<group>"; };
		AA4EDF6C2BC9EB150008766D /* InjectionKey.swift */ = {isa = PBXFileReference; lastKnownFileType = sourcecode.swift; path = InjectionKey.swift; sourceTree = "<group>"; };
		AA4EDF6E2BC9EE630008766D /* ItranslatorManagerProtocol.swift */ = {isa = PBXFileReference; lastKnownFileType = sourcecode.swift; path = ItranslatorManagerProtocol.swift; sourceTree = "<group>"; };
/* End PBXFileReference section */

/* Begin PBXFrameworksBuildPhase section */
		AA4EDF3F2BC9D4950008766D /* Frameworks */ = {
			isa = PBXFrameworksBuildPhase;
			buildActionMask = 2147483647;
			files = (
			);
			runOnlyForDeploymentPostprocessing = 0;
		};
/* End PBXFrameworksBuildPhase section */

/* Begin PBXGroup section */
		AA34721B2BD1A2280039E380 /* LaunchScreen */ = {
			isa = PBXGroup;
			children = (
				AA3472192BD1A1350039E380 /* LaunchView.swift */,
				AA34721E2BD1A2A20039E380 /* LaunchViewModel.swift */,
			);
			path = LaunchScreen;
			sourceTree = "<group>";
		};
		AA4EDF392BC9D4950008766D = {
			isa = PBXGroup;
			children = (
				AA4EDF442BC9D4950008766D /* Itranslator */,
				AA4EDF432BC9D4950008766D /* Products */,
			);
			sourceTree = "<group>";
		};
		AA4EDF432BC9D4950008766D /* Products */ = {
			isa = PBXGroup;
			children = (
				AA4EDF422BC9D4950008766D /* Itranslator.app */,
			);
			name = Products;
			sourceTree = "<group>";
		};
		AA4EDF442BC9D4950008766D /* Itranslator */ = {
			isa = PBXGroup;
			children = (
				AA4EDF452BC9D4950008766D /* ItranslatorApp.swift */,
				AA4EDF492BC9D4960008766D /* Assets.xcassets */,
				AA4EDF4B2BC9D4960008766D /* Preview Content */,
				AA4EDF572BC9D50D0008766D /* Domain */,
				AA4EDF562BC9D5050008766D /* Data */,
				AA4EDF532BC9D4B30008766D /* Presentation */,
				AA4EDF6C2BC9EB150008766D /* InjectionKey.swift */,
			);
			path = Itranslator;
			sourceTree = "<group>";
		};
		AA4EDF4B2BC9D4960008766D /* Preview Content */ = {
			isa = PBXGroup;
			children = (
				AA4EDF4C2BC9D4960008766D /* Preview Assets.xcassets */,
			);
			path = "Preview Content";
			sourceTree = "<group>";
		};
		AA4EDF532BC9D4B30008766D /* Presentation */ = {
			isa = PBXGroup;
			children = (
				AA34721B2BD1A2280039E380 /* LaunchScreen */,
				AA4EDF642BC9DA130008766D /* ItranslatorView.swift */,
			);
			path = Presentation;
			sourceTree = "<group>";
		};
		AA4EDF542BC9D4C00008766D /* Model */ = {
			isa = PBXGroup;
			children = (
				AA4EDF5D2BC9D5A90008766D /* ItranslatorModel.swift */,
			);
			path = Model;
			sourceTree = "<group>";
		};
		AA4EDF562BC9D5050008766D /* Data */ = {
			isa = PBXGroup;
			children = (
				AA4EDF5A2BC9D53C0008766D /* Repository */,
				AA4EDF542BC9D4C00008766D /* Model */,
				AA4EDF592BC9D5260008766D /* Mapper */,
				AA4EDF582BC9D51F0008766D /* DataSource */,
			);
			path = Data;
			sourceTree = "<group>";
		};
		AA4EDF572BC9D50D0008766D /* Domain */ = {
			isa = PBXGroup;
			children = (
				AA4EDF672BC9DAC20008766D /* ViewModel */,
				AA4EDF662BC9DAAE0008766D /* Interactor */,
			);
			path = Domain;
			sourceTree = "<group>";
		};
		AA4EDF582BC9D51F0008766D /* DataSource */ = {
			isa = PBXGroup;
			children = (
				AA4EDF612BC9D5E90008766D /* ItranslatorManager.swift */,
				AA4EDF6E2BC9EE630008766D /* ItranslatorManagerProtocol.swift */,
			);
			path = DataSource;
			sourceTree = "<group>";
		};
		AA4EDF592BC9D5260008766D /* Mapper */ = {
			isa = PBXGroup;
			children = (
				AA4EDF5F2BC9D5C30008766D /* ItranslatorMapper.swift */,
			);
			path = Mapper;
			sourceTree = "<group>";
		};
		AA4EDF5A2BC9D53C0008766D /* Repository */ = {
			isa = PBXGroup;
			children = (
				AA4EDF5B2BC9D5880008766D /* ItranslatorRepository.swift */,
			);
			path = Repository;
			sourceTree = "<group>";
		};
		AA4EDF662BC9DAAE0008766D /* Interactor */ = {
			isa = PBXGroup;
			children = (
				AA4EDF6A2BC9E8EE0008766D /* ItranslatorInteractor.swift */,
			);
			path = Interactor;
			sourceTree = "<group>";
		};
		AA4EDF672BC9DAC20008766D /* ViewModel */ = {
			isa = PBXGroup;
			children = (
				AA4EDF682BC9DCF90008766D /* ItranslatorViewModel.swift */,
			);
			path = ViewModel;
			sourceTree = "<group>";
		};
/* End PBXGroup section */

/* Begin PBXNativeTarget section */
		AA4EDF412BC9D4950008766D /* Itranslator */ = {
			isa = PBXNativeTarget;
			buildConfigurationList = AA4EDF502BC9D4960008766D /* Build configuration list for PBXNativeTarget "Itranslator" */;
			buildPhases = (
				AA4EDF3E2BC9D4950008766D /* Sources */,
				AA4EDF3F2BC9D4950008766D /* Frameworks */,
				AA4EDF402BC9D4950008766D /* Resources */,
				AAB678482BCB5A6900C72AA1 /* ShellScript */,
			);
			buildRules = (
			);
			dependencies = (
			);
			name = Itranslator;
			productName = Itranslator;
			productReference = AA4EDF422BC9D4950008766D /* Itranslator.app */;
			productType = "com.apple.product-type.application";
		};
/* End PBXNativeTarget section */

/* Begin PBXProject section */
		AA4EDF3A2BC9D4950008766D /* Project object */ = {
			isa = PBXProject;
			attributes = {
				BuildIndependentTargetsInParallel = 1;
				LastSwiftUpdateCheck = 1530;
				LastUpgradeCheck = 1530;
				TargetAttributes = {
					AA4EDF412BC9D4950008766D = {
						CreatedOnToolsVersion = 15.3;
					};
				};
			};
			buildConfigurationList = AA4EDF3D2BC9D4950008766D /* Build configuration list for PBXProject "Itranslator" */;
			compatibilityVersion = "Xcode 14.0";
			developmentRegion = en;
			hasScannedForEncodings = 0;
			knownRegions = (
				en,
				Base,
			);
			mainGroup = AA4EDF392BC9D4950008766D;
			productRefGroup = AA4EDF432BC9D4950008766D /* Products */;
			projectDirPath = "";
			projectRoot = "";
			targets = (
				AA4EDF412BC9D4950008766D /* Itranslator */,
			);
		};
/* End PBXProject section */

/* Begin PBXResourcesBuildPhase section */
		AA4EDF402BC9D4950008766D /* Resources */ = {
			isa = PBXResourcesBuildPhase;
			buildActionMask = 2147483647;
			files = (
				AA4EDF4D2BC9D4960008766D /* Preview Assets.xcassets in Resources */,
				AA4EDF4A2BC9D4960008766D /* Assets.xcassets in Resources */,
			);
			runOnlyForDeploymentPostprocessing = 0;
		};
/* End PBXResourcesBuildPhase section */

/* Begin PBXShellScriptBuildPhase section */
		AAB678482BCB5A6900C72AA1 /* ShellScript */ = {
			isa = PBXShellScriptBuildPhase;
			buildActionMask = 2147483647;
			files = (
			);
			inputFileListPaths = (
			);
			inputPaths = (
			);
			outputFileListPaths = (
			);
			outputPaths = (
			);
			runOnlyForDeploymentPostprocessing = 0;
			shellPath = /bin/sh;
			shellScript = "# Type a script or drag a script file from your workspace to insert its path.\nif which swiftlint >/dev/null; then\n  swiftlint\nelse\n  echo \"warning: SwiftLint not installed, download from https://github.com/realm/SwiftLint\"\nfi\n\n";
		};
/* End PBXShellScriptBuildPhase section */

/* Begin PBXSourcesBuildPhase section */
		AA4EDF3E2BC9D4950008766D /* Sources */ = {
			isa = PBXSourcesBuildPhase;
			buildActionMask = 2147483647;
			files = (
				AA4EDF652BC9DA130008766D /* ItranslatorView.swift in Sources */,
				AA34721A2BD1A1350039E380 /* LaunchView.swift in Sources */,
				AA4EDF692BC9DCF90008766D /* ItranslatorViewModel.swift in Sources */,
				AA4EDF602BC9D5C30008766D /* ItranslatorMapper.swift in Sources */,
				AA4EDF6F2BC9EE630008766D /* ItranslatorManagerProtocol.swift in Sources */,
				AA4EDF5E2BC9D5A90008766D /* ItranslatorModel.swift in Sources */,
				AA4EDF6B2BC9E8EE0008766D /* ItranslatorInteractor.swift in Sources */,
				AA4EDF462BC9D4950008766D /* ItranslatorApp.swift in Sources */,
				AA4EDF5C2BC9D5880008766D /* ItranslatorRepository.swift in Sources */,
				AA4EDF6D2BC9EB160008766D /* InjectionKey.swift in Sources */,
				AA4EDF622BC9D5E90008766D /* ItranslatorManager.swift in Sources */,
				AA34721F2BD1A2A20039E380 /* LaunchViewModel.swift in Sources */,
			);
			runOnlyForDeploymentPostprocessing = 0;
		};
/* End PBXSourcesBuildPhase section */

/* Begin XCBuildConfiguration section */
		AA4EDF4E2BC9D4960008766D /* Debug */ = {
			isa = XCBuildConfiguration;
			buildSettings = {
				ALWAYS_SEARCH_USER_PATHS = NO;
				ASSETCATALOG_COMPILER_GENERATE_SWIFT_ASSET_SYMBOL_EXTENSIONS = YES;
				CLANG_ANALYZER_NONNULL = YES;
				CLANG_ANALYZER_NUMBER_OBJECT_CONVERSION = YES_AGGRESSIVE;
				CLANG_CXX_LANGUAGE_STANDARD = "gnu++20";
				CLANG_ENABLE_MODULES = YES;
				CLANG_ENABLE_OBJC_ARC = YES;
				CLANG_ENABLE_OBJC_WEAK = YES;
				CLANG_WARN_BLOCK_CAPTURE_AUTORELEASING = YES;
				CLANG_WARN_BOOL_CONVERSION = YES;
				CLANG_WARN_COMMA = YES;
				CLANG_WARN_CONSTANT_CONVERSION = YES;
				CLANG_WARN_DEPRECATED_OBJC_IMPLEMENTATIONS = YES;
				CLANG_WARN_DIRECT_OBJC_ISA_USAGE = YES_ERROR;
				CLANG_WARN_DOCUMENTATION_COMMENTS = YES;
				CLANG_WARN_EMPTY_BODY = YES;
				CLANG_WARN_ENUM_CONVERSION = YES;
				CLANG_WARN_INFINITE_RECURSION = YES;
				CLANG_WARN_INT_CONVERSION = YES;
				CLANG_WARN_NON_LITERAL_NULL_CONVERSION = YES;
				CLANG_WARN_OBJC_IMPLICIT_RETAIN_SELF = YES;
				CLANG_WARN_OBJC_LITERAL_CONVERSION = YES;
				CLANG_WARN_OBJC_ROOT_CLASS = YES_ERROR;
				CLANG_WARN_QUOTED_INCLUDE_IN_FRAMEWORK_HEADER = YES;
				CLANG_WARN_RANGE_LOOP_ANALYSIS = YES;
				CLANG_WARN_STRICT_PROTOTYPES = YES;
				CLANG_WARN_SUSPICIOUS_MOVE = YES;
				CLANG_WARN_UNGUARDED_AVAILABILITY = YES_AGGRESSIVE;
				CLANG_WARN_UNREACHABLE_CODE = YES;
				CLANG_WARN__DUPLICATE_METHOD_MATCH = YES;
				COPY_PHASE_STRIP = NO;
				DEBUG_INFORMATION_FORMAT = dwarf;
				ENABLE_STRICT_OBJC_MSGSEND = YES;
				ENABLE_TESTABILITY = YES;
				ENABLE_USER_SCRIPT_SANDBOXING = YES;
				GCC_C_LANGUAGE_STANDARD = gnu17;
				GCC_DYNAMIC_NO_PIC = NO;
				GCC_NO_COMMON_BLOCKS = YES;
				GCC_OPTIMIZATION_LEVEL = 0;
				GCC_PREPROCESSOR_DEFINITIONS = (
					"DEBUG=1",
					"$(inherited)",
				);
				GCC_WARN_64_TO_32_BIT_CONVERSION = YES;
				GCC_WARN_ABOUT_RETURN_TYPE = YES_ERROR;
				GCC_WARN_UNDECLARED_SELECTOR = YES;
				GCC_WARN_UNINITIALIZED_AUTOS = YES_AGGRESSIVE;
				GCC_WARN_UNUSED_FUNCTION = YES;
				GCC_WARN_UNUSED_VARIABLE = YES;
				IPHONEOS_DEPLOYMENT_TARGET = 17.4;
				LOCALIZATION_PREFERS_STRING_CATALOGS = YES;
				MTL_ENABLE_DEBUG_INFO = INCLUDE_SOURCE;
				MTL_FAST_MATH = YES;
				ONLY_ACTIVE_ARCH = YES;
				SDKROOT = iphoneos;
				SWIFT_ACTIVE_COMPILATION_CONDITIONS = "DEBUG $(inherited)";
				SWIFT_OPTIMIZATION_LEVEL = "-Onone";
			};
			name = Debug;
		};
		AA4EDF4F2BC9D4960008766D /* Release */ = {
			isa = XCBuildConfiguration;
			buildSettings = {
				ALWAYS_SEARCH_USER_PATHS = NO;
				ASSETCATALOG_COMPILER_GENERATE_SWIFT_ASSET_SYMBOL_EXTENSIONS = YES;
				CLANG_ANALYZER_NONNULL = YES;
				CLANG_ANALYZER_NUMBER_OBJECT_CONVERSION = YES_AGGRESSIVE;
				CLANG_CXX_LANGUAGE_STANDARD = "gnu++20";
				CLANG_ENABLE_MODULES = YES;
				CLANG_ENABLE_OBJC_ARC = YES;
				CLANG_ENABLE_OBJC_WEAK = YES;
				CLANG_WARN_BLOCK_CAPTURE_AUTORELEASING = YES;
				CLANG_WARN_BOOL_CONVERSION = YES;
				CLANG_WARN_COMMA = YES;
				CLANG_WARN_CONSTANT_CONVERSION = YES;
				CLANG_WARN_DEPRECATED_OBJC_IMPLEMENTATIONS = YES;
				CLANG_WARN_DIRECT_OBJC_ISA_USAGE = YES_ERROR;
				CLANG_WARN_DOCUMENTATION_COMMENTS = YES;
				CLANG_WARN_EMPTY_BODY = YES;
				CLANG_WARN_ENUM_CONVERSION = YES;
				CLANG_WARN_INFINITE_RECURSION = YES;
				CLANG_WARN_INT_CONVERSION = YES;
				CLANG_WARN_NON_LITERAL_NULL_CONVERSION = YES;
				CLANG_WARN_OBJC_IMPLICIT_RETAIN_SELF = YES;
				CLANG_WARN_OBJC_LITERAL_CONVERSION = YES;
				CLANG_WARN_OBJC_ROOT_CLASS = YES_ERROR;
				CLANG_WARN_QUOTED_INCLUDE_IN_FRAMEWORK_HEADER = YES;
				CLANG_WARN_RANGE_LOOP_ANALYSIS = YES;
				CLANG_WARN_STRICT_PROTOTYPES = YES;
				CLANG_WARN_SUSPICIOUS_MOVE = YES;
				CLANG_WARN_UNGUARDED_AVAILABILITY = YES_AGGRESSIVE;
				CLANG_WARN_UNREACHABLE_CODE = YES;
				CLANG_WARN__DUPLICATE_METHOD_MATCH = YES;
				COPY_PHASE_STRIP = NO;
				DEBUG_INFORMATION_FORMAT = "dwarf-with-dsym";
				ENABLE_NS_ASSERTIONS = NO;
				ENABLE_STRICT_OBJC_MSGSEND = YES;
				ENABLE_USER_SCRIPT_SANDBOXING = YES;
				GCC_C_LANGUAGE_STANDARD = gnu17;
				GCC_NO_COMMON_BLOCKS = YES;
				GCC_WARN_64_TO_32_BIT_CONVERSION = YES;
				GCC_WARN_ABOUT_RETURN_TYPE = YES_ERROR;
				GCC_WARN_UNDECLARED_SELECTOR = YES;
				GCC_WARN_UNINITIALIZED_AUTOS = YES_AGGRESSIVE;
				GCC_WARN_UNUSED_FUNCTION = YES;
				GCC_WARN_UNUSED_VARIABLE = YES;
				IPHONEOS_DEPLOYMENT_TARGET = 17.4;
				LOCALIZATION_PREFERS_STRING_CATALOGS = YES;
				MTL_ENABLE_DEBUG_INFO = NO;
				MTL_FAST_MATH = YES;
				SDKROOT = iphoneos;
				SWIFT_COMPILATION_MODE = wholemodule;
				VALIDATE_PRODUCT = YES;
			};
			name = Release;
		};
		AA4EDF512BC9D4960008766D /* Debug */ = {
			isa = XCBuildConfiguration;
			buildSettings = {
				ASSETCATALOG_COMPILER_APPICON_NAME = AppIcon;
				ASSETCATALOG_COMPILER_GLOBAL_ACCENT_COLOR_NAME = AccentColor;
				CODE_SIGN_STYLE = Automatic;
				CURRENT_PROJECT_VERSION = 1;
				DEVELOPMENT_ASSET_PATHS = "\"Itranslator/Preview Content\"";
				DEVELOPMENT_TEAM = 534SAT4S5S;
				ENABLE_PREVIEWS = YES;
				ENABLE_USER_SCRIPT_SANDBOXING = NO;
				GENERATE_INFOPLIST_FILE = YES;
				INFOPLIST_KEY_UIApplicationSceneManifest_Generation = YES;
				INFOPLIST_KEY_UIApplicationSupportsIndirectInputEvents = YES;
				INFOPLIST_KEY_UILaunchScreen_Generation = YES;
				INFOPLIST_KEY_UISupportedInterfaceOrientations_iPad = "UIInterfaceOrientationPortrait UIInterfaceOrientationPortraitUpsideDown UIInterfaceOrientationLandscapeLeft UIInterfaceOrientationLandscapeRight";
				INFOPLIST_KEY_UISupportedInterfaceOrientations_iPhone = "UIInterfaceOrientationPortrait UIInterfaceOrientationLandscapeLeft UIInterfaceOrientationLandscapeRight";
				LD_RUNPATH_SEARCH_PATHS = (
					"$(inherited)",
					"@executable_path/Frameworks",
				);
				MARKETING_VERSION = 1.0;
				PRODUCT_BUNDLE_IDENTIFIER = com.raidan.Itranslator;
				PRODUCT_NAME = "$(TARGET_NAME)";
				SWIFT_EMIT_LOC_STRINGS = YES;
				SWIFT_VERSION = 5.0;
				TARGETED_DEVICE_FAMILY = "1,2";
			};
			name = Debug;
		};
		AA4EDF522BC9D4960008766D /* Release */ = {
			isa = XCBuildConfiguration;
			buildSettings = {
				ASSETCATALOG_COMPILER_APPICON_NAME = AppIcon;
				ASSETCATALOG_COMPILER_GLOBAL_ACCENT_COLOR_NAME = AccentColor;
				CODE_SIGN_STYLE = Automatic;
				CURRENT_PROJECT_VERSION = 1;
				DEVELOPMENT_ASSET_PATHS = "\"Itranslator/Preview Content\"";
				DEVELOPMENT_TEAM = 534SAT4S5S;
				ENABLE_PREVIEWS = YES;
				ENABLE_USER_SCRIPT_SANDBOXING = NO;
				GENERATE_INFOPLIST_FILE = YES;
				INFOPLIST_KEY_UIApplicationSceneManifest_Generation = YES;
				INFOPLIST_KEY_UIApplicationSupportsIndirectInputEvents = YES;
				INFOPLIST_KEY_UILaunchScreen_Generation = YES;
				INFOPLIST_KEY_UISupportedInterfaceOrientations_iPad = "UIInterfaceOrientationPortrait UIInterfaceOrientationPortraitUpsideDown UIInterfaceOrientationLandscapeLeft UIInterfaceOrientationLandscapeRight";
				INFOPLIST_KEY_UISupportedInterfaceOrientations_iPhone = "UIInterfaceOrientationPortrait UIInterfaceOrientationLandscapeLeft UIInterfaceOrientationLandscapeRight";
				LD_RUNPATH_SEARCH_PATHS = (
					"$(inherited)",
					"@executable_path/Frameworks",
				);
				MARKETING_VERSION = 1.0;
				PRODUCT_BUNDLE_IDENTIFIER = com.raidan.Itranslator;
				PRODUCT_NAME = "$(TARGET_NAME)";
				SWIFT_EMIT_LOC_STRINGS = YES;
				SWIFT_VERSION = 5.0;
				TARGETED_DEVICE_FAMILY = "1,2";
			};
			name = Release;
		};
/* End XCBuildConfiguration section */

/* Begin XCConfigurationList section */
		AA4EDF3D2BC9D4950008766D /* Build configuration list for PBXProject "Itranslator" */ = {
			isa = XCConfigurationList;
			buildConfigurations = (
				AA4EDF4E2BC9D4960008766D /* Debug */,
				AA4EDF4F2BC9D4960008766D /* Release */,
			);
			defaultConfigurationIsVisible = 0;
			defaultConfigurationName = Release;
		};
		AA4EDF502BC9D4960008766D /* Build configuration list for PBXNativeTarget "Itranslator" */ = {
			isa = XCConfigurationList;
			buildConfigurations = (
				AA4EDF512BC9D4960008766D /* Debug */,
				AA4EDF522BC9D4960008766D /* Release */,
			);
			defaultConfigurationIsVisible = 0;
			defaultConfigurationName = Release;
		};
/* End XCConfigurationList section */
	};
	rootObject = AA4EDF3A2BC9D4950008766D /* Project object */;
}
